
Microsoft Visual Studio Solution File, Format Version 12.00
# Visual Studio 15
VisualStudioVersion = 15.0.27428.2005
MinimumVisualStudioVersion = 10.0.40219.1
Project("{FAE04EC0-301F-11D3-BF4B-00C04F79EFBC}") = "AreaAndCircum", "AreaAndCircum\AreaAndCircum.csproj", "{2E15803E-F803-4E67-B560-F2DCC287DCFC}"
EndProject
Global
	GlobalSection(SolutionConfigurationPlatforms) = preSolution
		Debug|Any CPU = Debug|Any CPU
		Release|Any CPU = Release|Any CPU
	EndGlobalSection
	GlobalSection(ProjectConfigurationPlatforms) = postSolution
		{2E15803E-F803-4E67-B560-F2DCC287DCFC}.Debug|Any CPU.ActiveCfg = Debug|Any CPU
		{2E15803E-F803-4E67-B560-F2DCC287DCFC}.Debug|Any CPU.Build.0 = Debug|Any CPU
		{2E15803E-F803-4E67-B560-F2DCC287DCFC}.Release|Any CPU.ActiveCfg = Release|Any CPU
		{2E15803E-F803-4E67-B560-F2DCC287DCFC}.Release|Any CPU.Build.0 = Release|Any CPU
	EndGlobalSection
	GlobalSection(SolutionProperties) = preSolution
		HideSolutionNode = FALSE
	EndGlobalSection
	GlobalSection(ExtensibilityGlobals) = postSolution
		SolutionGuid = {095D2EB1-CA1E-45B7-A23B-8330F2579021}
	EndGlobalSection
EndGlobal
